
Microsoft Visual Studio Solution File, Format Version 12.00
# Visual Studio Version 16
VisualStudioVersion = 16.0.31911.196
MinimumVisualStudioVersion = 10.0.40219.1
Project("{8BC9CEB8-8B4A-11D0-8D11-00A0C91BC942}") = "ExternalTrainer", "ExternalTrainer\ExternalTrainer.vcxproj", "{777ACDFF-4639-4CFF-AFE4-FA672C786050}"
EndProject
Global
	GlobalSection(SolutionConfigurationPlatforms) = preSolution
		Debug|x64 = Debug|x64
		Debug|x86 = Debug|x86
		Release|x64 = Release|x64
		Release|x86 = Release|x86
	EndGlobalSection
	GlobalSection(ProjectConfigurationPlatforms) = postSolution
		{777ACDFF-4639-4CFF-AFE4-FA672C786050}.Debug|x64.ActiveCfg = Debug|x64
		{777ACDFF-4639-4CFF-AFE4-FA672C786050}.Debug|x64.Build.0 = Debug|x64
		{777ACDFF-4639-4CFF-AFE4-FA672C786050}.Debug|x86.ActiveCfg = Debug|Win32
		{777ACDFF-4639-4CFF-AFE4-FA672C786050}.Debug|x86.Build.0 = Debug|Win32
		{777ACDFF-4639-4CFF-AFE4-FA672C786050}.Release|x64.ActiveCfg = Release|x64
		{777ACDFF-4639-4CFF-AFE4-FA672C786050}.Release|x64.Build.0 = Release|x64
		{777ACDFF-4639-4CFF-AFE4-FA672C786050}.Release|x86.ActiveCfg = Release|Win32
		{777ACDFF-4639-4CFF-AFE4-FA672C786050}.Release|x86.Build.0 = Release|Win32
	EndGlobalSection
	GlobalSection(SolutionProperties) = preSolution
		HideSolutionNode = FALSE
	EndGlobalSection
	GlobalSection(ExtensibilityGlobals) = postSolution
		SolutionGuid = {3028B563-B27B-44E0-91EA-79D45273E2D5}
	EndGlobalSection
EndGlobal
